// !$*UTF8*$!
{
	archiveVersion = 1;
	classes = {
	};
	objectVersion = 70;
	objects = {

/* Begin PBXBuildFile section */
		7916EDFE2CA4D95200827762 /* Todo.swift in Sources */ = {isa = PBXBuildFile; fileRef = 7916EDFD2CA4D95200827762 /* Todo.swift */; };
		7916EE072CA4D9F800827762 /* TodoView.swift in Sources */ = {isa = PBXBuildFile; fileRef = 7916EE062CA4D9F800827762 /* TodoView.swift */; };
		7916EE0B2CA4DA2600827762 /* TodoViewModel.swift in Sources */ = {isa = PBXBuildFile; fileRef = 7916EE0A2CA4DA2600827762 /* TodoViewModel.swift */; };
		7916EE122CBC872B00827762 /* NetworkManagerProtocol.swift in Sources */ = {isa = PBXBuildFile; fileRef = 7916EE112CBC872B00827762 /* NetworkManagerProtocol.swift */; };
		7916EE142CBC875C00827762 /* NetworkManager.swift in Sources */ = {isa = PBXBuildFile; fileRef = 7916EE132CBC875C00827762 /* NetworkManager.swift */; };
		7916EE162CBC89BC00827762 /* NetworkError.swift in Sources */ = {isa = PBXBuildFile; fileRef = 7916EE152CBC89BC00827762 /* NetworkError.swift */; };
		7916EE182CBC9E6500827762 /* TodoRequest.swift in Sources */ = {isa = PBXBuildFile; fileRef = 7916EE172CBC9E6500827762 /* TodoRequest.swift */; };
		791D4A892D1A544E003CCC2B /* WidgetKit.framework in Frameworks */ = {isa = PBXBuildFile; fileRef = 791D4A882D1A544E003CCC2B /* WidgetKit.framework */; };
		791D4A8B2D1A544E003CCC2B /* SwiftUI.framework in Frameworks */ = {isa = PBXBuildFile; fileRef = 791D4A8A2D1A544E003CCC2B /* SwiftUI.framework */; };
		791D4A962D1A5450003CCC2B /* TodoWidgetExtension.appex in Embed Foundation Extensions */ = {isa = PBXBuildFile; fileRef = 791D4A862D1A544E003CCC2B /* TodoWidgetExtension.appex */; settings = {ATTRIBUTES = (RemoveHeadersOnCopy, ); }; };
		791D4AD72D1B43DE003CCC2B /* Todo.swift in Sources */ = {isa = PBXBuildFile; fileRef = 7916EDFD2CA4D95200827762 /* Todo.swift */; };
		791D4ADB2D1CCB36003CCC2B /* TodoRowView.swift in Sources */ = {isa = PBXBuildFile; fileRef = 791D4ADA2D1CCB36003CCC2B /* TodoRowView.swift */; };
		791D4ADD2D1CCB3F003CCC2B /* AddTodoView.swift in Sources */ = {isa = PBXBuildFile; fileRef = 791D4ADC2D1CCB3F003CCC2B /* AddTodoView.swift */; };
		795F669C2CF9641D003D497B /* RequestBuilder.swift in Sources */ = {isa = PBXBuildFile; fileRef = 795F669B2CF9641D003D497B /* RequestBuilder.swift */; };
		795F669E2CF964D4003D497B /* LoginView.swift in Sources */ = {isa = PBXBuildFile; fileRef = 795F669D2CF964D4003D497B /* LoginView.swift */; };
		795F66A02CF964E2003D497B /* LoginViewModel.swift in Sources */ = {isa = PBXBuildFile; fileRef = 795F669F2CF964E2003D497B /* LoginViewModel.swift */; };
		799323892CA35BA5005DF4BE /* todo_listApp.swift in Sources */ = {isa = PBXBuildFile; fileRef = 799323882CA35BA5005DF4BE /* todo_listApp.swift */; };
		7993238D2CA35BA6005DF4BE /* Assets.xcassets in Resources */ = {isa = PBXBuildFile; fileRef = 7993238C2CA35BA6005DF4BE /* Assets.xcassets */; };
		799323902CA35BA6005DF4BE /* Preview Assets.xcassets in Resources */ = {isa = PBXBuildFile; fileRef = 7993238F2CA35BA6005DF4BE /* Preview Assets.xcassets */; };
		7993239A2CA35BA7005DF4BE /* todo_listTests.swift in Sources */ = {isa = PBXBuildFile; fileRef = 799323992CA35BA7005DF4BE /* todo_listTests.swift */; };
		799323A42CA35BA7005DF4BE /* todo_listUITests.swift in Sources */ = {isa = PBXBuildFile; fileRef = 799323A32CA35BA7005DF4BE /* todo_listUITests.swift */; };
		799323A62CA35BA7005DF4BE /* todo_listUITestsLaunchTests.swift in Sources */ = {isa = PBXBuildFile; fileRef = 799323A52CA35BA7005DF4BE /* todo_listUITestsLaunchTests.swift */; };
		7997A2B22D53EAA1007B670C /* Chip.swift in Sources */ = {isa = PBXBuildFile; fileRef = 7997A2B12D53EAA1007B670C /* Chip.swift */; };
		7997A2B82D5404B0007B670C /* Category.swift in Sources */ = {isa = PBXBuildFile; fileRef = 7997A2B72D5404B0007B670C /* Category.swift */; };
		7997A2C92D55A516007B670C /* AddCategoryView.swift in Sources */ = {isa = PBXBuildFile; fileRef = 7997A2C82D55A516007B670C /* AddCategoryView.swift */; };
		7997A2CC2D55C1D1007B670C /* LoadingView.swift in Sources */ = {isa = PBXBuildFile; fileRef = 7997A2CB2D55C1D1007B670C /* LoadingView.swift */; };
		7997A2CE2D55C1D8007B670C /* EmptyStateView.swift in Sources */ = {isa = PBXBuildFile; fileRef = 7997A2CD2D55C1D8007B670C /* EmptyStateView.swift */; };
		7997A2D02D582FBF007B670C /* TodoSection.swift in Sources */ = {isa = PBXBuildFile; fileRef = 7997A2CF2D582FBF007B670C /* TodoSection.swift */; };
		7997A2D32D582FE2007B670C /* CategoryChipsView.swift in Sources */ = {isa = PBXBuildFile; fileRef = 7997A2D22D582FE2007B670C /* CategoryChipsView.swift */; };
		7997A2D52D582FF0007B670C /* ToolbarButtons.swift in Sources */ = {isa = PBXBuildFile; fileRef = 7997A2D42D582FF0007B670C /* ToolbarButtons.swift */; };
		7997A2D72D593F58007B670C /* Logger.swift in Sources */ = {isa = PBXBuildFile; fileRef = 7997A2D62D593F58007B670C /* Logger.swift */; };
		7997A31B2D6503AC007B670C /* CategoryService.swift in Sources */ = {isa = PBXBuildFile; fileRef = 7997A31A2D6503AC007B670C /* CategoryService.swift */; };
		7997A31D2D6503BF007B670C /* TodoService.swift in Sources */ = {isa = PBXBuildFile; fileRef = 7997A31C2D6503BF007B670C /* TodoService.swift */; };
		7997A3472D6E2584007B670C /* LoginService.swift in Sources */ = {isa = PBXBuildFile; fileRef = 7997A3462D6E2584007B670C /* LoginService.swift */; };
		79A1E7742D5137220085F3B5 /* RegisterView.swift in Sources */ = {isa = PBXBuildFile; fileRef = 79A1E7732D5137220085F3B5 /* RegisterView.swift */; };
		79A1E7762D5137360085F3B5 /* RegisterViewModel.swift in Sources */ = {isa = PBXBuildFile; fileRef = 79A1E7752D5137360085F3B5 /* RegisterViewModel.swift */; };
		79A1E7902D51377A0085F3B5 /* UserResponse.swift in Sources */ = {isa = PBXBuildFile; fileRef = 79A1E78F2D51377A0085F3B5 /* UserResponse.swift */; };
		79A1E7AA2D5138E30085F3B5 /* NavigationCoordinator.swift in Sources */ = {isa = PBXBuildFile; fileRef = 79A1E7A92D5138E30085F3B5 /* NavigationCoordinator.swift */; };
		79D2BDAF2CFF866D00E1CB58 /* ContentView.swift in Sources */ = {isa = PBXBuildFile; fileRef = 79D2BDAE2CFF866D00E1CB58 /* ContentView.swift */; };
		79D2BDB12D0F49BF00E1CB58 /* DefaultViewState.swift in Sources */ = {isa = PBXBuildFile; fileRef = 79D2BDB02D0F49BF00E1CB58 /* DefaultViewState.swift */; };
		79D7E3362D80798700391C82 /* TodoViewModelTests.swift in Sources */ = {isa = PBXBuildFile; fileRef = 79D7E3352D80798700391C82 /* TodoViewModelTests.swift */; };
		79D7E33B2D807A5300391C82 /* LoginViewModelTests.swift in Sources */ = {isa = PBXBuildFile; fileRef = 79D7E33A2D807A5300391C82 /* LoginViewModelTests.swift */; };
		79D7E33F2D807B0600391C82 /* RegisterService.swift in Sources */ = {isa = PBXBuildFile; fileRef = 79D7E33E2D807B0600391C82 /* RegisterService.swift */; };
		79D7E3432D807C7900391C82 /* RegisterViewModelTests.swift in Sources */ = {isa = PBXBuildFile; fileRef = 79D7E3422D807C7900391C82 /* RegisterViewModelTests.swift */; };
		79D7E3492D80E0EA00391C82 /* OnboardingStep.swift in Sources */ = {isa = PBXBuildFile; fileRef = 79D7E3482D80E0EA00391C82 /* OnboardingStep.swift */; };
		79D7E34C2D80E1A500391C82 /* WelcomeView.swift in Sources */ = {isa = PBXBuildFile; fileRef = 79D7E34B2D80E1A500391C82 /* WelcomeView.swift */; };
		79D7E34E2D80E1B000391C82 /* CreateTodoView.swift in Sources */ = {isa = PBXBuildFile; fileRef = 79D7E34D2D80E1B000391C82 /* CreateTodoView.swift */; };
		79D7E3502D80E1BB00391C82 /* CreateCategoryView.swift in Sources */ = {isa = PBXBuildFile; fileRef = 79D7E34F2D80E1BB00391C82 /* CreateCategoryView.swift */; };
		79D7E3522D80E1C400391C82 /* OnboardingFinishedView.swift in Sources */ = {isa = PBXBuildFile; fileRef = 79D7E3512D80E1C400391C82 /* OnboardingFinishedView.swift */; };
		79D7E3542D80E55500391C82 /* PendingTodo.swift in Sources */ = {isa = PBXBuildFile; fileRef = 79D7E3532D80E55500391C82 /* PendingTodo.swift */; };
		79D7E3562D80E79F00391C82 /* TodoUIState.swift in Sources */ = {isa = PBXBuildFile; fileRef = 79D7E3552D80E79F00391C82 /* TodoUIState.swift */; };
		79D7E3582D80E7B600391C82 /* OnboardingState.swift in Sources */ = {isa = PBXBuildFile; fileRef = 79D7E3572D80E7B600391C82 /* OnboardingState.swift */; };
		79D7E35A2D80E7C500391C82 /* MainTodoContent.swift in Sources */ = {isa = PBXBuildFile; fileRef = 79D7E3592D80E7C500391C82 /* MainTodoContent.swift */; };
		79D7E35C2D80E7D100391C82 /* TodoListContent.swift in Sources */ = {isa = PBXBuildFile; fileRef = 79D7E35B2D80E7D100391C82 /* TodoListContent.swift */; };
		79D7E35E2D80E7DD00391C82 /* TodoListView.swift in Sources */ = {isa = PBXBuildFile; fileRef = 79D7E35D2D80E7DD00391C82 /* TodoListView.swift */; };
		79D7E3642D80E89500391C82 /* EmptyStateContent.swift in Sources */ = {isa = PBXBuildFile; fileRef = 79D7E3632D80E89500391C82 /* EmptyStateContent.swift */; };
		79D7E3662D80E8AB00391C82 /* OnboardingStepView.swift in Sources */ = {isa = PBXBuildFile; fileRef = 79D7E3652D80E8AB00391C82 /* OnboardingStepView.swift */; };
		79D7E4882D834DF300391C82 /* DockMenu.swift in Sources */ = {isa = PBXBuildFile; fileRef = 79D7E4872D834DF300391C82 /* DockMenu.swift */; };
		79D7E4942D835E6B00391C82 /* CategoriesView.swift in Sources */ = {isa = PBXBuildFile; fileRef = 79D7E4932D835E6B00391C82 /* CategoriesView.swift */; };
		79D7E4962D835E7B00391C82 /* CategoryDetailView.swift in Sources */ = {isa = PBXBuildFile; fileRef = 79D7E4952D835E7B00391C82 /* CategoryDetailView.swift */; };
		79D7E4982D835EFD00391C82 /* CategoryCell.swift in Sources */ = {isa = PBXBuildFile; fileRef = 79D7E4972D835EFD00391C82 /* CategoryCell.swift */; };
		79D7E49A2D83650E00391C82 /* LogoutService.swift in Sources */ = {isa = PBXBuildFile; fileRef = 79D7E4992D83650E00391C82 /* LogoutService.swift */; };
/* End PBXBuildFile section */

/* Begin PBXContainerItemProxy section */
		791D4A942D1A5450003CCC2B /* PBXContainerItemProxy */ = {
			isa = PBXContainerItemProxy;
			containerPortal = 7993237D2CA35BA5005DF4BE /* Project object */;
			proxyType = 1;
			remoteGlobalIDString = 791D4A852D1A544E003CCC2B;
			remoteInfo = TodoWidgetExtension;
		};
		799323962CA35BA7005DF4BE /* PBXContainerItemProxy */ = {
			isa = PBXContainerItemProxy;
			containerPortal = 7993237D2CA35BA5005DF4BE /* Project object */;
			proxyType = 1;
			remoteGlobalIDString = 799323842CA35BA5005DF4BE;
			remoteInfo = "todo-list";
		};
		799323A02CA35BA7005DF4BE /* PBXContainerItemProxy */ = {
			isa = PBXContainerItemProxy;
			containerPortal = 7993237D2CA35BA5005DF4BE /* Project object */;
			proxyType = 1;
			remoteGlobalIDString = 799323842CA35BA5005DF4BE;
			remoteInfo = "todo-list";
		};
/* End PBXContainerItemProxy section */

/* Begin PBXCopyFilesBuildPhase section */
		791D4A9B2D1A5450003CCC2B /* Embed Foundation Extensions */ = {
			isa = PBXCopyFilesBuildPhase;
			buildActionMask = 2147483647;
			dstPath = "";
			dstSubfolderSpec = 13;
			files = (
				791D4A962D1A5450003CCC2B /* TodoWidgetExtension.appex in Embed Foundation Extensions */,
			);
			name = "Embed Foundation Extensions";
			runOnlyForDeploymentPostprocessing = 0;
		};
/* End PBXCopyFilesBuildPhase section */

/* Begin PBXFileReference section */
		7916EDFD2CA4D95200827762 /* Todo.swift */ = {isa = PBXFileReference; lastKnownFileType = sourcecode.swift; path = Todo.swift; sourceTree = "<group>"; };
		7916EE062CA4D9F800827762 /* TodoView.swift */ = {isa = PBXFileReference; lastKnownFileType = sourcecode.swift; path = TodoView.swift; sourceTree = "<group>"; };
		7916EE0A2CA4DA2600827762 /* TodoViewModel.swift */ = {isa = PBXFileReference; lastKnownFileType = sourcecode.swift; path = TodoViewModel.swift; sourceTree = "<group>"; };
		7916EE112CBC872B00827762 /* NetworkManagerProtocol.swift */ = {isa = PBXFileReference; lastKnownFileType = sourcecode.swift; path = NetworkManagerProtocol.swift; sourceTree = "<group>"; };
		7916EE132CBC875C00827762 /* NetworkManager.swift */ = {isa = PBXFileReference; lastKnownFileType = sourcecode.swift; path = NetworkManager.swift; sourceTree = "<group>"; };
		7916EE152CBC89BC00827762 /* NetworkError.swift */ = {isa = PBXFileReference; lastKnownFileType = sourcecode.swift; path = NetworkError.swift; sourceTree = "<group>"; };
		7916EE172CBC9E6500827762 /* TodoRequest.swift */ = {isa = PBXFileReference; lastKnownFileType = sourcecode.swift; path = TodoRequest.swift; sourceTree = "<group>"; };
		791D4A812D1A5436003CCC2B /* todo-list.entitlements */ = {isa = PBXFileReference; lastKnownFileType = text.plist.entitlements; path = "todo-list.entitlements"; sourceTree = "<group>"; };
		791D4A862D1A544E003CCC2B /* TodoWidgetExtension.appex */ = {isa = PBXFileReference; explicitFileType = "wrapper.app-extension"; includeInIndex = 0; path = TodoWidgetExtension.appex; sourceTree = BUILT_PRODUCTS_DIR; };
		791D4A882D1A544E003CCC2B /* WidgetKit.framework */ = {isa = PBXFileReference; lastKnownFileType = wrapper.framework; name = WidgetKit.framework; path = System/Library/Frameworks/WidgetKit.framework; sourceTree = SDKROOT; };
		791D4A8A2D1A544E003CCC2B /* SwiftUI.framework */ = {isa = PBXFileReference; lastKnownFileType = wrapper.framework; name = SwiftUI.framework; path = System/Library/Frameworks/SwiftUI.framework; sourceTree = SDKROOT; };
		791D4A9C2D1A545A003CCC2B /* TodoWidgetExtension.entitlements */ = {isa = PBXFileReference; lastKnownFileType = text.plist.entitlements; path = TodoWidgetExtension.entitlements; sourceTree = "<group>"; };
		791D4ADA2D1CCB36003CCC2B /* TodoRowView.swift */ = {isa = PBXFileReference; lastKnownFileType = sourcecode.swift; path = TodoRowView.swift; sourceTree = "<group>"; };
		791D4ADC2D1CCB3F003CCC2B /* AddTodoView.swift */ = {isa = PBXFileReference; lastKnownFileType = sourcecode.swift; path = AddTodoView.swift; sourceTree = "<group>"; };
		795F669B2CF9641D003D497B /* RequestBuilder.swift */ = {isa = PBXFileReference; lastKnownFileType = sourcecode.swift; path = RequestBuilder.swift; sourceTree = "<group>"; };
		795F669D2CF964D4003D497B /* LoginView.swift */ = {isa = PBXFileReference; lastKnownFileType = sourcecode.swift; path = LoginView.swift; sourceTree = "<group>"; };
		795F669F2CF964E2003D497B /* LoginViewModel.swift */ = {isa = PBXFileReference; lastKnownFileType = sourcecode.swift; path = LoginViewModel.swift; sourceTree = "<group>"; };
		799323852CA35BA5005DF4BE /* todo-list.app */ = {isa = PBXFileReference; explicitFileType = wrapper.application; includeInIndex = 0; path = "todo-list.app"; sourceTree = BUILT_PRODUCTS_DIR; };
		799323882CA35BA5005DF4BE /* todo_listApp.swift */ = {isa = PBXFileReference; lastKnownFileType = sourcecode.swift; path = todo_listApp.swift; sourceTree = "<group>"; };
		7993238C2CA35BA6005DF4BE /* Assets.xcassets */ = {isa = PBXFileReference; lastKnownFileType = folder.assetcatalog; path = Assets.xcassets; sourceTree = "<group>"; };
		7993238F2CA35BA6005DF4BE /* Preview Assets.xcassets */ = {isa = PBXFileReference; lastKnownFileType = folder.assetcatalog; path = "Preview Assets.xcassets"; sourceTree = "<group>"; };
		799323952CA35BA7005DF4BE /* todo-listTests.xctest */ = {isa = PBXFileReference; explicitFileType = wrapper.cfbundle; includeInIndex = 0; path = "todo-listTests.xctest"; sourceTree = BUILT_PRODUCTS_DIR; };
		799323992CA35BA7005DF4BE /* todo_listTests.swift */ = {isa = PBXFileReference; lastKnownFileType = sourcecode.swift; path = todo_listTests.swift; sourceTree = "<group>"; };
		7993239F2CA35BA7005DF4BE /* todo-listUITests.xctest */ = {isa = PBXFileReference; explicitFileType = wrapper.cfbundle; includeInIndex = 0; path = "todo-listUITests.xctest"; sourceTree = BUILT_PRODUCTS_DIR; };
		799323A32CA35BA7005DF4BE /* todo_listUITests.swift */ = {isa = PBXFileReference; lastKnownFileType = sourcecode.swift; path = todo_listUITests.swift; sourceTree = "<group>"; };
		799323A52CA35BA7005DF4BE /* todo_listUITestsLaunchTests.swift */ = {isa = PBXFileReference; lastKnownFileType = sourcecode.swift; path = todo_listUITestsLaunchTests.swift; sourceTree = "<group>"; };
		7997A2B12D53EAA1007B670C /* Chip.swift */ = {isa = PBXFileReference; lastKnownFileType = sourcecode.swift; path = Chip.swift; sourceTree = "<group>"; };
		7997A2B72D5404B0007B670C /* Category.swift */ = {isa = PBXFileReference; lastKnownFileType = sourcecode.swift; path = Category.swift; sourceTree = "<group>"; };
		7997A2C82D55A516007B670C /* AddCategoryView.swift */ = {isa = PBXFileReference; lastKnownFileType = sourcecode.swift; path = AddCategoryView.swift; sourceTree = "<group>"; };
		7997A2CB2D55C1D1007B670C /* LoadingView.swift */ = {isa = PBXFileReference; lastKnownFileType = sourcecode.swift; path = LoadingView.swift; sourceTree = "<group>"; };
		7997A2CD2D55C1D8007B670C /* EmptyStateView.swift */ = {isa = PBXFileReference; lastKnownFileType = sourcecode.swift; path = EmptyStateView.swift; sourceTree = "<group>"; };
		7997A2CF2D582FBF007B670C /* TodoSection.swift */ = {isa = PBXFileReference; lastKnownFileType = sourcecode.swift; path = TodoSection.swift; sourceTree = "<group>"; };
		7997A2D22D582FE2007B670C /* CategoryChipsView.swift */ = {isa = PBXFileReference; lastKnownFileType = sourcecode.swift; path = CategoryChipsView.swift; sourceTree = "<group>"; };
		7997A2D42D582FF0007B670C /* ToolbarButtons.swift */ = {isa = PBXFileReference; lastKnownFileType = sourcecode.swift; path = ToolbarButtons.swift; sourceTree = "<group>"; };
		7997A2D62D593F58007B670C /* Logger.swift */ = {isa = PBXFileReference; lastKnownFileType = sourcecode.swift; path = Logger.swift; sourceTree = "<group>"; };
		7997A31A2D6503AC007B670C /* CategoryService.swift */ = {isa = PBXFileReference; lastKnownFileType = sourcecode.swift; path = CategoryService.swift; sourceTree = "<group>"; };
		7997A31C2D6503BF007B670C /* TodoService.swift */ = {isa = PBXFileReference; lastKnownFileType = sourcecode.swift; path = TodoService.swift; sourceTree = "<group>"; };
		7997A3462D6E2584007B670C /* LoginService.swift */ = {isa = PBXFileReference; lastKnownFileType = sourcecode.swift; path = LoginService.swift; sourceTree = "<group>"; };
		79A1E7732D5137220085F3B5 /* RegisterView.swift */ = {isa = PBXFileReference; lastKnownFileType = sourcecode.swift; path = RegisterView.swift; sourceTree = "<group>"; };
		79A1E7752D5137360085F3B5 /* RegisterViewModel.swift */ = {isa = PBXFileReference; lastKnownFileType = sourcecode.swift; path = RegisterViewModel.swift; sourceTree = "<group>"; };
		79A1E78F2D51377A0085F3B5 /* UserResponse.swift */ = {isa = PBXFileReference; lastKnownFileType = sourcecode.swift; path = UserResponse.swift; sourceTree = "<group>"; };
		79A1E7A92D5138E30085F3B5 /* NavigationCoordinator.swift */ = {isa = PBXFileReference; lastKnownFileType = sourcecode.swift; path = NavigationCoordinator.swift; sourceTree = "<group>"; };
		79D2BDAE2CFF866D00E1CB58 /* ContentView.swift */ = {isa = PBXFileReference; lastKnownFileType = sourcecode.swift; path = ContentView.swift; sourceTree = "<group>"; };
		79D2BDB02D0F49BF00E1CB58 /* DefaultViewState.swift */ = {isa = PBXFileReference; lastKnownFileType = sourcecode.swift; path = DefaultViewState.swift; sourceTree = "<group>"; };
		79D7E3352D80798700391C82 /* TodoViewModelTests.swift */ = {isa = PBXFileReference; lastKnownFileType = sourcecode.swift; path = TodoViewModelTests.swift; sourceTree = "<group>"; };
		79D7E33A2D807A5300391C82 /* LoginViewModelTests.swift */ = {isa = PBXFileReference; lastKnownFileType = sourcecode.swift; path = LoginViewModelTests.swift; sourceTree = "<group>"; };
		79D7E33E2D807B0600391C82 /* RegisterService.swift */ = {isa = PBXFileReference; lastKnownFileType = sourcecode.swift; path = RegisterService.swift; sourceTree = "<group>"; };
		79D7E3422D807C7900391C82 /* RegisterViewModelTests.swift */ = {isa = PBXFileReference; lastKnownFileType = sourcecode.swift; path = RegisterViewModelTests.swift; sourceTree = "<group>"; };
		79D7E3482D80E0EA00391C82 /* OnboardingStep.swift */ = {isa = PBXFileReference; lastKnownFileType = sourcecode.swift; path = OnboardingStep.swift; sourceTree = "<group>"; };
		79D7E34B2D80E1A500391C82 /* WelcomeView.swift */ = {isa = PBXFileReference; lastKnownFileType = sourcecode.swift; path = WelcomeView.swift; sourceTree = "<group>"; };
		79D7E34D2D80E1B000391C82 /* CreateTodoView.swift */ = {isa = PBXFileReference; lastKnownFileType = sourcecode.swift; path = CreateTodoView.swift; sourceTree = "<group>"; };
		79D7E34F2D80E1BB00391C82 /* CreateCategoryView.swift */ = {isa = PBXFileReference; lastKnownFileType = sourcecode.swift; path = CreateCategoryView.swift; sourceTree = "<group>"; };
		79D7E3512D80E1C400391C82 /* OnboardingFinishedView.swift */ = {isa = PBXFileReference; lastKnownFileType = sourcecode.swift; path = OnboardingFinishedView.swift; sourceTree = "<group>"; };
		79D7E3532D80E55500391C82 /* PendingTodo.swift */ = {isa = PBXFileReference; lastKnownFileType = sourcecode.swift; path = PendingTodo.swift; sourceTree = "<group>"; };
		79D7E3552D80E79F00391C82 /* TodoUIState.swift */ = {isa = PBXFileReference; lastKnownFileType = sourcecode.swift; path = TodoUIState.swift; sourceTree = "<group>"; };
		79D7E3572D80E7B600391C82 /* OnboardingState.swift */ = {isa = PBXFileReference; lastKnownFileType = sourcecode.swift; path = OnboardingState.swift; sourceTree = "<group>"; };
		79D7E3592D80E7C500391C82 /* MainTodoContent.swift */ = {isa = PBXFileReference; lastKnownFileType = sourcecode.swift; path = MainTodoContent.swift; sourceTree = "<group>"; };
		79D7E35B2D80E7D100391C82 /* TodoListContent.swift */ = {isa = PBXFileReference; lastKnownFileType = sourcecode.swift; path = TodoListContent.swift; sourceTree = "<group>"; };
		79D7E35D2D80E7DD00391C82 /* TodoListView.swift */ = {isa = PBXFileReference; lastKnownFileType = sourcecode.swift; path = TodoListView.swift; sourceTree = "<group>"; };
		79D7E3632D80E89500391C82 /* EmptyStateContent.swift */ = {isa = PBXFileReference; lastKnownFileType = sourcecode.swift; path = EmptyStateContent.swift; sourceTree = "<group>"; };
		79D7E3652D80E8AB00391C82 /* OnboardingStepView.swift */ = {isa = PBXFileReference; lastKnownFileType = sourcecode.swift; path = OnboardingStepView.swift; sourceTree = "<group>"; };
		79D7E4872D834DF300391C82 /* DockMenu.swift */ = {isa = PBXFileReference; lastKnownFileType = sourcecode.swift; path = DockMenu.swift; sourceTree = "<group>"; };
		79D7E4932D835E6B00391C82 /* CategoriesView.swift */ = {isa = PBXFileReference; lastKnownFileType = sourcecode.swift; path = CategoriesView.swift; sourceTree = "<group>"; };
		79D7E4952D835E7B00391C82 /* CategoryDetailView.swift */ = {isa = PBXFileReference; lastKnownFileType = sourcecode.swift; path = CategoryDetailView.swift; sourceTree = "<group>"; };
		79D7E4972D835EFD00391C82 /* CategoryCell.swift */ = {isa = PBXFileReference; lastKnownFileType = sourcecode.swift; path = CategoryCell.swift; sourceTree = "<group>"; };
		79D7E4992D83650E00391C82 /* LogoutService.swift */ = {isa = PBXFileReference; lastKnownFileType = sourcecode.swift; path = LogoutService.swift; sourceTree = "<group>"; };
/* End PBXFileReference section */

/* Begin PBXFileSystemSynchronizedBuildFileExceptionSet section */
		791D4A972D1A5450003CCC2B /* PBXFileSystemSynchronizedBuildFileExceptionSet */ = {
			isa = PBXFileSystemSynchronizedBuildFileExceptionSet;
			membershipExceptions = (
				Info.plist,
			);
			target = 791D4A852D1A544E003CCC2B /* TodoWidgetExtension */;
		};
/* End PBXFileSystemSynchronizedBuildFileExceptionSet section */

/* Begin PBXFileSystemSynchronizedRootGroup section */
		791D4A8C2D1A544E003CCC2B /* TodoWidget */ = {isa = PBXFileSystemSynchronizedRootGroup; exceptions = (791D4A972D1A5450003CCC2B /* PBXFileSystemSynchronizedBuildFileExceptionSet */, ); explicitFileTypes = {}; explicitFolders = (); path = TodoWidget; sourceTree = "<group>"; };
		79D7E3392D807A3500391C82 /* Mocks */ = {isa = PBXFileSystemSynchronizedRootGroup; explicitFileTypes = {}; explicitFolders = (); path = Mocks; sourceTree = "<group>"; };
/* End PBXFileSystemSynchronizedRootGroup section */

/* Begin PBXFrameworksBuildPhase section */
		791D4A832D1A544E003CCC2B /* Frameworks */ = {
			isa = PBXFrameworksBuildPhase;
			buildActionMask = 2147483647;
			files = (
				791D4A8B2D1A544E003CCC2B /* SwiftUI.framework in Frameworks */,
				791D4A892D1A544E003CCC2B /* WidgetKit.framework in Frameworks */,
			);
			runOnlyForDeploymentPostprocessing = 0;
		};
		799323822CA35BA5005DF4BE /* Frameworks */ = {
			isa = PBXFrameworksBuildPhase;
			buildActionMask = 2147483647;
			files = (
			);
			runOnlyForDeploymentPostprocessing = 0;
		};
		799323922CA35BA7005DF4BE /* Frameworks */ = {
			isa = PBXFrameworksBuildPhase;
			buildActionMask = 2147483647;
			files = (
			);
			runOnlyForDeploymentPostprocessing = 0;
		};
		7993239C2CA35BA7005DF4BE /* Frameworks */ = {
			isa = PBXFrameworksBuildPhase;
			buildActionMask = 2147483647;
			files = (
			);
			runOnlyForDeploymentPostprocessing = 0;
		};
/* End PBXFrameworksBuildPhase section */

/* Begin PBXGroup section */
		7916EDFC2CA4D94900827762 /* Models */ = {
			isa = PBXGroup;
			children = (
				79D7E3572D80E7B600391C82 /* OnboardingState.swift */,
				79D7E3552D80E79F00391C82 /* TodoUIState.swift */,
				79D7E3532D80E55500391C82 /* PendingTodo.swift */,
				79D7E3482D80E0EA00391C82 /* OnboardingStep.swift */,
				7997A2B72D5404B0007B670C /* Category.swift */,
				79A1E78F2D51377A0085F3B5 /* UserResponse.swift */,
				79D2BDB02D0F49BF00E1CB58 /* DefaultViewState.swift */,
				7916EDFD2CA4D95200827762 /* Todo.swift */,
				7916EE172CBC9E6500827762 /* TodoRequest.swift */,
			);
			path = Models;
			sourceTree = "<group>";
		};
		7916EE042CA4D9E300827762 /* Views */ = {
			isa = PBXGroup;
			children = (
				79D7E4872D834DF300391C82 /* DockMenu.swift */,
				79D7E34A2D80E19600391C82 /* Onboarding */,
				79D2BDAE2CFF866D00E1CB58 /* ContentView.swift */,
				795F669D2CF964D4003D497B /* LoginView.swift */,
				79A1E7732D5137220085F3B5 /* RegisterView.swift */,
				7997A2CA2D55A52A007B670C /* Todos */,
				7997A2D12D582FD6007B670C /* Category */,
			);
			path = Views;
			sourceTree = "<group>";
		};
		7916EE052CA4D9EA00827762 /* ViewModels */ = {
			isa = PBXGroup;
			children = (
				79A1E7752D5137360085F3B5 /* RegisterViewModel.swift */,
				7916EE0A2CA4DA2600827762 /* TodoViewModel.swift */,
				795F669F2CF964E2003D497B /* LoginViewModel.swift */,
			);
			path = ViewModels;
			sourceTree = "<group>";
		};
		7916EE102CBC84CF00827762 /* Networking */ = {
			isa = PBXGroup;
			children = (
				7997A2D62D593F58007B670C /* Logger.swift */,
				7916EE112CBC872B00827762 /* NetworkManagerProtocol.swift */,
				7916EE132CBC875C00827762 /* NetworkManager.swift */,
				795F669B2CF9641D003D497B /* RequestBuilder.swift */,
				7916EE152CBC89BC00827762 /* NetworkError.swift */,
			);
			path = Networking;
			sourceTree = "<group>";
		};
		791D4A872D1A544E003CCC2B /* Frameworks */ = {
			isa = PBXGroup;
			children = (
				791D4A882D1A544E003CCC2B /* WidgetKit.framework */,
				791D4A8A2D1A544E003CCC2B /* SwiftUI.framework */,
			);
			name = Frameworks;
			sourceTree = "<group>";
		};
		7993237C2CA35BA5005DF4BE = {
			isa = PBXGroup;
			children = (
				791D4A9C2D1A545A003CCC2B /* TodoWidgetExtension.entitlements */,
				799323872CA35BA5005DF4BE /* todo-list */,
				799323982CA35BA7005DF4BE /* todo-listTests */,
				799323A22CA35BA7005DF4BE /* todo-listUITests */,
				791D4A8C2D1A544E003CCC2B /* TodoWidget */,
				791D4A872D1A544E003CCC2B /* Frameworks */,
				799323862CA35BA5005DF4BE /* Products */,
			);
			sourceTree = "<group>";
		};
		799323862CA35BA5005DF4BE /* Products */ = {
			isa = PBXGroup;
			children = (
				799323852CA35BA5005DF4BE /* todo-list.app */,
				799323952CA35BA7005DF4BE /* todo-listTests.xctest */,
				7993239F2CA35BA7005DF4BE /* todo-listUITests.xctest */,
				791D4A862D1A544E003CCC2B /* TodoWidgetExtension.appex */,
			);
			name = Products;
			sourceTree = "<group>";
		};
		799323872CA35BA5005DF4BE /* todo-list */ = {
			isa = PBXGroup;
			children = (
				79A1E7A92D5138E30085F3B5 /* NavigationCoordinator.swift */,
				7916EDFC2CA4D94900827762 /* Models */,
				7916EE042CA4D9E300827762 /* Views */,
				7916EE052CA4D9EA00827762 /* ViewModels */,
				7997A2B02D53EA9C007B670C /* Components */,
				7997A3192D6503AA007B670C /* Services */,
				7916EE102CBC84CF00827762 /* Networking */,
				799323882CA35BA5005DF4BE /* todo_listApp.swift */,
				7993238C2CA35BA6005DF4BE /* Assets.xcassets */,
				791D4A812D1A5436003CCC2B /* todo-list.entitlements */,
				7993238E2CA35BA6005DF4BE /* Preview Content */,
			);
			path = "todo-list";
			sourceTree = "<group>";
		};
		7993238E2CA35BA6005DF4BE /* Preview Content */ = {
			isa = PBXGroup;
			children = (
				7993238F2CA35BA6005DF4BE /* Preview Assets.xcassets */,
			);
			path = "Preview Content";
			sourceTree = "<group>";
		};
		799323982CA35BA7005DF4BE /* todo-listTests */ = {
			isa = PBXGroup;
			children = (
				79D7E3422D807C7900391C82 /* RegisterViewModelTests.swift */,
				79D7E3352D80798700391C82 /* TodoViewModelTests.swift */,
				79D7E33A2D807A5300391C82 /* LoginViewModelTests.swift */,
				79D7E3392D807A3500391C82 /* Mocks */,
				799323992CA35BA7005DF4BE /* todo_listTests.swift */,
			);
			path = "todo-listTests";
			sourceTree = "<group>";
		};
		799323A22CA35BA7005DF4BE /* todo-listUITests */ = {
			isa = PBXGroup;
			children = (
				799323A32CA35BA7005DF4BE /* todo_listUITests.swift */,
				799323A52CA35BA7005DF4BE /* todo_listUITestsLaunchTests.swift */,
			);
			path = "todo-listUITests";
			sourceTree = "<group>";
		};
		7997A2B02D53EA9C007B670C /* Components */ = {
			isa = PBXGroup;
			children = (
				7997A2CD2D55C1D8007B670C /* EmptyStateView.swift */,
				7997A2D42D582FF0007B670C /* ToolbarButtons.swift */,
				7997A2CB2D55C1D1007B670C /* LoadingView.swift */,
				7997A2B12D53EAA1007B670C /* Chip.swift */,
			);
			path = Components;
			sourceTree = "<group>";
		};
		7997A2CA2D55A52A007B670C /* Todos */ = {
			isa = PBXGroup;
			children = (
				79D7E35D2D80E7DD00391C82 /* TodoListView.swift */,
				79D7E35B2D80E7D100391C82 /* TodoListContent.swift */,
				79D7E3592D80E7C500391C82 /* MainTodoContent.swift */,
				7997A2CF2D582FBF007B670C /* TodoSection.swift */,
				7916EE062CA4D9F800827762 /* TodoView.swift */,
				791D4ADC2D1CCB3F003CCC2B /* AddTodoView.swift */,
				791D4ADA2D1CCB36003CCC2B /* TodoRowView.swift */,
			);
			path = Todos;
			sourceTree = "<group>";
		};
		7997A2D12D582FD6007B670C /* Category */ = {
			isa = PBXGroup;
			children = (
				79D7E4932D835E6B00391C82 /* CategoriesView.swift */,
				79D7E4972D835EFD00391C82 /* CategoryCell.swift */,
				79D7E4952D835E7B00391C82 /* CategoryDetailView.swift */,
				7997A2D22D582FE2007B670C /* CategoryChipsView.swift */,
				7997A2C82D55A516007B670C /* AddCategoryView.swift */,
			);
			path = Category;
			sourceTree = "<group>";
		};
		7997A3192D6503AA007B670C /* Services */ = {
			isa = PBXGroup;
			children = (
				79D7E4992D83650E00391C82 /* LogoutService.swift */,
				79D7E33E2D807B0600391C82 /* RegisterService.swift */,
				7997A3462D6E2584007B670C /* LoginService.swift */,
				7997A31C2D6503BF007B670C /* TodoService.swift */,
				7997A31A2D6503AC007B670C /* CategoryService.swift */,
			);
			path = Services;
			sourceTree = "<group>";
		};
		79D7E34A2D80E19600391C82 /* Onboarding */ = {
			isa = PBXGroup;
			children = (
				79D7E3652D80E8AB00391C82 /* OnboardingStepView.swift */,
				79D7E3632D80E89500391C82 /* EmptyStateContent.swift */,
				79D7E3512D80E1C400391C82 /* OnboardingFinishedView.swift */,
				79D7E34F2D80E1BB00391C82 /* CreateCategoryView.swift */,
				79D7E34D2D80E1B000391C82 /* CreateTodoView.swift */,
				79D7E34B2D80E1A500391C82 /* WelcomeView.swift */,
			);
			path = Onboarding;
			sourceTree = "<group>";
		};
/* End PBXGroup section */

/* Begin PBXNativeTarget section */
		791D4A852D1A544E003CCC2B /* TodoWidgetExtension */ = {
			isa = PBXNativeTarget;
			buildConfigurationList = 791D4A982D1A5450003CCC2B /* Build configuration list for PBXNativeTarget "TodoWidgetExtension" */;
			buildPhases = (
				791D4A822D1A544E003CCC2B /* Sources */,
				791D4A832D1A544E003CCC2B /* Frameworks */,
				791D4A842D1A544E003CCC2B /* Resources */,
			);
			buildRules = (
			);
			dependencies = (
			);
			fileSystemSynchronizedGroups = (
				791D4A8C2D1A544E003CCC2B /* TodoWidget */,
			);
			name = TodoWidgetExtension;
			packageProductDependencies = (
			);
			productName = TodoWidgetExtension;
			productReference = 791D4A862D1A544E003CCC2B /* TodoWidgetExtension.appex */;
			productType = "com.apple.product-type.app-extension";
		};
		799323842CA35BA5005DF4BE /* todo-list */ = {
			isa = PBXNativeTarget;
			buildConfigurationList = 799323A92CA35BA7005DF4BE /* Build configuration list for PBXNativeTarget "todo-list" */;
			buildPhases = (
				799323812CA35BA5005DF4BE /* Sources */,
				799323822CA35BA5005DF4BE /* Frameworks */,
				799323832CA35BA5005DF4BE /* Resources */,
				791D4A9B2D1A5450003CCC2B /* Embed Foundation Extensions */,
			);
			buildRules = (
			);
			dependencies = (
				791D4A952D1A5450003CCC2B /* PBXTargetDependency */,
			);
			name = "todo-list";
			productName = "todo-list";
			productReference = 799323852CA35BA5005DF4BE /* todo-list.app */;
			productType = "com.apple.product-type.application";
		};
		799323942CA35BA7005DF4BE /* todo-listTests */ = {
			isa = PBXNativeTarget;
			buildConfigurationList = 799323AC2CA35BA7005DF4BE /* Build configuration list for PBXNativeTarget "todo-listTests" */;
			buildPhases = (
				799323912CA35BA7005DF4BE /* Sources */,
				799323922CA35BA7005DF4BE /* Frameworks */,
				799323932CA35BA7005DF4BE /* Resources */,
			);
			buildRules = (
			);
			dependencies = (
				799323972CA35BA7005DF4BE /* PBXTargetDependency */,
			);
			fileSystemSynchronizedGroups = (
				79D7E3392D807A3500391C82 /* Mocks */,
			);
			name = "todo-listTests";
			productName = "todo-listTests";
			productReference = 799323952CA35BA7005DF4BE /* todo-listTests.xctest */;
			productType = "com.apple.product-type.bundle.unit-test";
		};
		7993239E2CA35BA7005DF4BE /* todo-listUITests */ = {
			isa = PBXNativeTarget;
			buildConfigurationList = 799323AF2CA35BA7005DF4BE /* Build configuration list for PBXNativeTarget "todo-listUITests" */;
			buildPhases = (
				7993239B2CA35BA7005DF4BE /* Sources */,
				7993239C2CA35BA7005DF4BE /* Frameworks */,
				7993239D2CA35BA7005DF4BE /* Resources */,
			);
			buildRules = (
			);
			dependencies = (
				799323A12CA35BA7005DF4BE /* PBXTargetDependency */,
			);
			name = "todo-listUITests";
			productName = "todo-listUITests";
			productReference = 7993239F2CA35BA7005DF4BE /* todo-listUITests.xctest */;
			productType = "com.apple.product-type.bundle.ui-testing";
		};
/* End PBXNativeTarget section */

/* Begin PBXProject section */
		7993237D2CA35BA5005DF4BE /* Project object */ = {
			isa = PBXProject;
			attributes = {
				BuildIndependentTargetsInParallel = 1;
				LastSwiftUpdateCheck = 1610;
				LastUpgradeCheck = 1610;
				TargetAttributes = {
					791D4A852D1A544E003CCC2B = {
						CreatedOnToolsVersion = 16.1;
					};
					799323842CA35BA5005DF4BE = {
						CreatedOnToolsVersion = 15.4;
					};
					799323942CA35BA7005DF4BE = {
						CreatedOnToolsVersion = 15.4;
						TestTargetID = 799323842CA35BA5005DF4BE;
					};
					7993239E2CA35BA7005DF4BE = {
						CreatedOnToolsVersion = 15.4;
						TestTargetID = 799323842CA35BA5005DF4BE;
					};
				};
			};
			buildConfigurationList = 799323802CA35BA5005DF4BE /* Build configuration list for PBXProject "todo-list" */;
			compatibilityVersion = "Xcode 14.0";
			developmentRegion = en;
			hasScannedForEncodings = 0;
			knownRegions = (
				en,
				Base,
			);
			mainGroup = 7993237C2CA35BA5005DF4BE;
			productRefGroup = 799323862CA35BA5005DF4BE /* Products */;
			projectDirPath = "";
			projectRoot = "";
			targets = (
				799323842CA35BA5005DF4BE /* todo-list */,
				799323942CA35BA7005DF4BE /* todo-listTests */,
				7993239E2CA35BA7005DF4BE /* todo-listUITests */,
				791D4A852D1A544E003CCC2B /* TodoWidgetExtension */,
			);
		};
/* End PBXProject section */

/* Begin PBXResourcesBuildPhase section */
		791D4A842D1A544E003CCC2B /* Resources */ = {
			isa = PBXResourcesBuildPhase;
			buildActionMask = 2147483647;
			files = (
			);
			runOnlyForDeploymentPostprocessing = 0;
		};
		799323832CA35BA5005DF4BE /* Resources */ = {
			isa = PBXResourcesBuildPhase;
			buildActionMask = 2147483647;
			files = (
				799323902CA35BA6005DF4BE /* Preview Assets.xcassets in Resources */,
				7993238D2CA35BA6005DF4BE /* Assets.xcassets in Resources */,
			);
			runOnlyForDeploymentPostprocessing = 0;
		};
		799323932CA35BA7005DF4BE /* Resources */ = {
			isa = PBXResourcesBuildPhase;
			buildActionMask = 2147483647;
			files = (
			);
			runOnlyForDeploymentPostprocessing = 0;
		};
		7993239D2CA35BA7005DF4BE /* Resources */ = {
			isa = PBXResourcesBuildPhase;
			buildActionMask = 2147483647;
			files = (
			);
			runOnlyForDeploymentPostprocessing = 0;
		};
/* End PBXResourcesBuildPhase section */

/* Begin PBXSourcesBuildPhase section */
		791D4A822D1A544E003CCC2B /* Sources */ = {
			isa = PBXSourcesBuildPhase;
			buildActionMask = 2147483647;
			files = (
				791D4AD72D1B43DE003CCC2B /* Todo.swift in Sources */,
			);
			runOnlyForDeploymentPostprocessing = 0;
		};
		799323812CA35BA5005DF4BE /* Sources */ = {
			isa = PBXSourcesBuildPhase;
			buildActionMask = 2147483647;
			files = (
				79D7E3502D80E1BB00391C82 /* CreateCategoryView.swift in Sources */,
				79D7E3642D80E89500391C82 /* EmptyStateContent.swift in Sources */,
				79D7E33F2D807B0600391C82 /* RegisterService.swift in Sources */,
				7997A31B2D6503AC007B670C /* CategoryService.swift in Sources */,
				7997A2D32D582FE2007B670C /* CategoryChipsView.swift in Sources */,
				7916EE0B2CA4DA2600827762 /* TodoViewModel.swift in Sources */,
				7916EE162CBC89BC00827762 /* NetworkError.swift in Sources */,
				79D7E34C2D80E1A500391C82 /* WelcomeView.swift in Sources */,
				7916EE182CBC9E6500827762 /* TodoRequest.swift in Sources */,
				791D4ADD2D1CCB3F003CCC2B /* AddTodoView.swift in Sources */,
				79D7E34E2D80E1B000391C82 /* CreateTodoView.swift in Sources */,
				79D7E3492D80E0EA00391C82 /* OnboardingStep.swift in Sources */,
				79D7E35C2D80E7D100391C82 /* TodoListContent.swift in Sources */,
				79D7E35A2D80E7C500391C82 /* MainTodoContent.swift in Sources */,
				7916EE072CA4D9F800827762 /* TodoView.swift in Sources */,
				79D7E3582D80E7B600391C82 /* OnboardingState.swift in Sources */,
				791D4ADB2D1CCB36003CCC2B /* TodoRowView.swift in Sources */,
				7916EDFE2CA4D95200827762 /* Todo.swift in Sources */,
				7997A2B82D5404B0007B670C /* Category.swift in Sources */,
				79A1E7762D5137360085F3B5 /* RegisterViewModel.swift in Sources */,
				795F669C2CF9641D003D497B /* RequestBuilder.swift in Sources */,
				79D7E4942D835E6B00391C82 /* CategoriesView.swift in Sources */,
				79D7E3562D80E79F00391C82 /* TodoUIState.swift in Sources */,
				79D7E3542D80E55500391C82 /* PendingTodo.swift in Sources */,
				7997A2D72D593F58007B670C /* Logger.swift in Sources */,
				79D7E49A2D83650E00391C82 /* LogoutService.swift in Sources */,
				7997A2B22D53EAA1007B670C /* Chip.swift in Sources */,
				79A1E7742D5137220085F3B5 /* RegisterView.swift in Sources */,
				79D7E3522D80E1C400391C82 /* OnboardingFinishedView.swift in Sources */,
				79D7E3662D80E8AB00391C82 /* OnboardingStepView.swift in Sources */,
				79D2BDB12D0F49BF00E1CB58 /* DefaultViewState.swift in Sources */,
				7916EE142CBC875C00827762 /* NetworkManager.swift in Sources */,
				79D7E4982D835EFD00391C82 /* CategoryCell.swift in Sources */,
				7997A3472D6E2584007B670C /* LoginService.swift in Sources */,
				7997A2D02D582FBF007B670C /* TodoSection.swift in Sources */,
				79A1E7AA2D5138E30085F3B5 /* NavigationCoordinator.swift in Sources */,
				799323892CA35BA5005DF4BE /* todo_listApp.swift in Sources */,
				795F66A02CF964E2003D497B /* LoginViewModel.swift in Sources */,
				79A1E7902D51377A0085F3B5 /* UserResponse.swift in Sources */,
				7997A2D52D582FF0007B670C /* ToolbarButtons.swift in Sources */,
				7997A2CE2D55C1D8007B670C /* EmptyStateView.swift in Sources */,
				79D7E35E2D80E7DD00391C82 /* TodoListView.swift in Sources */,
				795F669E2CF964D4003D497B /* LoginView.swift in Sources */,
				79D2BDAF2CFF866D00E1CB58 /* ContentView.swift in Sources */,
				7997A2C92D55A516007B670C /* AddCategoryView.swift in Sources */,
				7997A31D2D6503BF007B670C /* TodoService.swift in Sources */,
				7916EE122CBC872B00827762 /* NetworkManagerProtocol.swift in Sources */,
				79D7E4882D834DF300391C82 /* DockMenu.swift in Sources */,
				7997A2CC2D55C1D1007B670C /* LoadingView.swift in Sources */,
				79D7E4962D835E7B00391C82 /* CategoryDetailView.swift in Sources */,
			);
			runOnlyForDeploymentPostprocessing = 0;
		};
		799323912CA35BA7005DF4BE /* Sources */ = {
			isa = PBXSourcesBuildPhase;
			buildActionMask = 2147483647;
			files = (
				79D7E33B2D807A5300391C82 /* LoginViewModelTests.swift in Sources */,
				7993239A2CA35BA7005DF4BE /* todo_listTests.swift in Sources */,
				79D7E3432D807C7900391C82 /* RegisterViewModelTests.swift in Sources */,
				79D7E3362D80798700391C82 /* TodoViewModelTests.swift in Sources */,
			);
			runOnlyForDeploymentPostprocessing = 0;
		};
		7993239B2CA35BA7005DF4BE /* Sources */ = {
			isa = PBXSourcesBuildPhase;
			buildActionMask = 2147483647;
			files = (
				799323A62CA35BA7005DF4BE /* todo_listUITestsLaunchTests.swift in Sources */,
				799323A42CA35BA7005DF4BE /* todo_listUITests.swift in Sources */,
			);
			runOnlyForDeploymentPostprocessing = 0;
		};
/* End PBXSourcesBuildPhase section */

/* Begin PBXTargetDependency section */
		791D4A952D1A5450003CCC2B /* PBXTargetDependency */ = {
			isa = PBXTargetDependency;
			target = 791D4A852D1A544E003CCC2B /* TodoWidgetExtension */;
			targetProxy = 791D4A942D1A5450003CCC2B /* PBXContainerItemProxy */;
		};
		799323972CA35BA7005DF4BE /* PBXTargetDependency */ = {
			isa = PBXTargetDependency;
			target = 799323842CA35BA5005DF4BE /* todo-list */;
			targetProxy = 799323962CA35BA7005DF4BE /* PBXContainerItemProxy */;
		};
		799323A12CA35BA7005DF4BE /* PBXTargetDependency */ = {
			isa = PBXTargetDependency;
			target = 799323842CA35BA5005DF4BE /* todo-list */;
			targetProxy = 799323A02CA35BA7005DF4BE /* PBXContainerItemProxy */;
		};
/* End PBXTargetDependency section */

/* Begin XCBuildConfiguration section */
		791D4A992D1A5450003CCC2B /* Debug */ = {
			isa = XCBuildConfiguration;
			buildSettings = {
				ASSETCATALOG_COMPILER_GLOBAL_ACCENT_COLOR_NAME = AccentColor;
				ASSETCATALOG_COMPILER_WIDGET_BACKGROUND_COLOR_NAME = WidgetBackground;
				CODE_SIGN_ENTITLEMENTS = TodoWidgetExtension.entitlements;
				CODE_SIGN_STYLE = Automatic;
				CURRENT_PROJECT_VERSION = 1;
				DEVELOPMENT_TEAM = W795AQWUXY;
				GENERATE_INFOPLIST_FILE = YES;
				INFOPLIST_FILE = TodoWidget/Info.plist;
				INFOPLIST_KEY_CFBundleDisplayName = TodoWidget;
				INFOPLIST_KEY_NSHumanReadableCopyright = "";
				IPHONEOS_DEPLOYMENT_TARGET = 18.1;
				LD_RUNPATH_SEARCH_PATHS = (
					"$(inherited)",
					"@executable_path/Frameworks",
					"@executable_path/../../Frameworks",
				);
				MARKETING_VERSION = 1.0;
				PRODUCT_BUNDLE_IDENTIFIER = "luizmello.todo-list.TodoWidget";
				PRODUCT_NAME = "$(TARGET_NAME)";
				SKIP_INSTALL = YES;
				SWIFT_EMIT_LOC_STRINGS = YES;
				SWIFT_VERSION = 5.0;
				TARGETED_DEVICE_FAMILY = "1,2";
			};
			name = Debug;
		};
		791D4A9A2D1A5450003CCC2B /* Release */ = {
			isa = XCBuildConfiguration;
			buildSettings = {
				ASSETCATALOG_COMPILER_GLOBAL_ACCENT_COLOR_NAME = AccentColor;
				ASSETCATALOG_COMPILER_WIDGET_BACKGROUND_COLOR_NAME = WidgetBackground;
				CODE_SIGN_ENTITLEMENTS = TodoWidgetExtension.entitlements;
				CODE_SIGN_STYLE = Automatic;
				CURRENT_PROJECT_VERSION = 1;
				DEVELOPMENT_TEAM = W795AQWUXY;
				GENERATE_INFOPLIST_FILE = YES;
				INFOPLIST_FILE = TodoWidget/Info.plist;
				INFOPLIST_KEY_CFBundleDisplayName = TodoWidget;
				INFOPLIST_KEY_NSHumanReadableCopyright = "";
				IPHONEOS_DEPLOYMENT_TARGET = 18.1;
				LD_RUNPATH_SEARCH_PATHS = (
					"$(inherited)",
					"@executable_path/Frameworks",
					"@executable_path/../../Frameworks",
				);
				MARKETING_VERSION = 1.0;
				PRODUCT_BUNDLE_IDENTIFIER = "luizmello.todo-list.TodoWidget";
				PRODUCT_NAME = "$(TARGET_NAME)";
				SKIP_INSTALL = YES;
				SWIFT_EMIT_LOC_STRINGS = YES;
				SWIFT_VERSION = 5.0;
				TARGETED_DEVICE_FAMILY = "1,2";
			};
			name = Release;
		};
		799323A72CA35BA7005DF4BE /* Debug */ = {
			isa = XCBuildConfiguration;
			buildSettings = {
				ALWAYS_SEARCH_USER_PATHS = NO;
				ASSETCATALOG_COMPILER_GENERATE_SWIFT_ASSET_SYMBOL_EXTENSIONS = YES;
				CLANG_ANALYZER_NONNULL = YES;
				CLANG_ANALYZER_NUMBER_OBJECT_CONVERSION = YES_AGGRESSIVE;
				CLANG_CXX_LANGUAGE_STANDARD = "gnu++20";
				CLANG_ENABLE_MODULES = YES;
				CLANG_ENABLE_OBJC_ARC = YES;
				CLANG_ENABLE_OBJC_WEAK = YES;
				CLANG_WARN_BLOCK_CAPTURE_AUTORELEASING = YES;
				CLANG_WARN_BOOL_CONVERSION = YES;
				CLANG_WARN_COMMA = YES;
				CLANG_WARN_CONSTANT_CONVERSION = YES;
				CLANG_WARN_DEPRECATED_OBJC_IMPLEMENTATIONS = YES;
				CLANG_WARN_DIRECT_OBJC_ISA_USAGE = YES_ERROR;
				CLANG_WARN_DOCUMENTATION_COMMENTS = YES;
				CLANG_WARN_EMPTY_BODY = YES;
				CLANG_WARN_ENUM_CONVERSION = YES;
				CLANG_WARN_INFINITE_RECURSION = YES;
				CLANG_WARN_INT_CONVERSION = YES;
				CLANG_WARN_NON_LITERAL_NULL_CONVERSION = YES;
				CLANG_WARN_OBJC_IMPLICIT_RETAIN_SELF = YES;
				CLANG_WARN_OBJC_LITERAL_CONVERSION = YES;
				CLANG_WARN_OBJC_ROOT_CLASS = YES_ERROR;
				CLANG_WARN_QUOTED_INCLUDE_IN_FRAMEWORK_HEADER = YES;
				CLANG_WARN_RANGE_LOOP_ANALYSIS = YES;
				CLANG_WARN_STRICT_PROTOTYPES = YES;
				CLANG_WARN_SUSPICIOUS_MOVE = YES;
				CLANG_WARN_UNGUARDED_AVAILABILITY = YES_AGGRESSIVE;
				CLANG_WARN_UNREACHABLE_CODE = YES;
				CLANG_WARN__DUPLICATE_METHOD_MATCH = YES;
				COPY_PHASE_STRIP = NO;
				DEBUG_INFORMATION_FORMAT = dwarf;
				ENABLE_STRICT_OBJC_MSGSEND = YES;
				ENABLE_TESTABILITY = YES;
				ENABLE_USER_SCRIPT_SANDBOXING = YES;
				GCC_C_LANGUAGE_STANDARD = gnu17;
				GCC_DYNAMIC_NO_PIC = NO;
				GCC_NO_COMMON_BLOCKS = YES;
				GCC_OPTIMIZATION_LEVEL = 0;
				GCC_PREPROCESSOR_DEFINITIONS = (
					"DEBUG=1",
					"$(inherited)",
				);
				GCC_WARN_64_TO_32_BIT_CONVERSION = YES;
				GCC_WARN_ABOUT_RETURN_TYPE = YES_ERROR;
				GCC_WARN_UNDECLARED_SELECTOR = YES;
				GCC_WARN_UNINITIALIZED_AUTOS = YES_AGGRESSIVE;
				GCC_WARN_UNUSED_FUNCTION = YES;
				GCC_WARN_UNUSED_VARIABLE = YES;
				IPHONEOS_DEPLOYMENT_TARGET = 17.5;
				LOCALIZATION_PREFERS_STRING_CATALOGS = YES;
				MTL_ENABLE_DEBUG_INFO = INCLUDE_SOURCE;
				MTL_FAST_MATH = YES;
				ONLY_ACTIVE_ARCH = YES;
				SDKROOT = iphoneos;
				SWIFT_ACTIVE_COMPILATION_CONDITIONS = "DEBUG $(inherited)";
				SWIFT_OPTIMIZATION_LEVEL = "-Onone";
			};
			name = Debug;
		};
		799323A82CA35BA7005DF4BE /* Release */ = {
			isa = XCBuildConfiguration;
			buildSettings = {
				ALWAYS_SEARCH_USER_PATHS = NO;
				ASSETCATALOG_COMPILER_GENERATE_SWIFT_ASSET_SYMBOL_EXTENSIONS = YES;
				CLANG_ANALYZER_NONNULL = YES;
				CLANG_ANALYZER_NUMBER_OBJECT_CONVERSION = YES_AGGRESSIVE;
				CLANG_CXX_LANGUAGE_STANDARD = "gnu++20";
				CLANG_ENABLE_MODULES = YES;
				CLANG_ENABLE_OBJC_ARC = YES;
				CLANG_ENABLE_OBJC_WEAK = YES;
				CLANG_WARN_BLOCK_CAPTURE_AUTORELEASING = YES;
				CLANG_WARN_BOOL_CONVERSION = YES;
				CLANG_WARN_COMMA = YES;
				CLANG_WARN_CONSTANT_CONVERSION = YES;
				CLANG_WARN_DEPRECATED_OBJC_IMPLEMENTATIONS = YES;
				CLANG_WARN_DIRECT_OBJC_ISA_USAGE = YES_ERROR;
				CLANG_WARN_DOCUMENTATION_COMMENTS = YES;
				CLANG_WARN_EMPTY_BODY = YES;
				CLANG_WARN_ENUM_CONVERSION = YES;
				CLANG_WARN_INFINITE_RECURSION = YES;
				CLANG_WARN_INT_CONVERSION = YES;
				CLANG_WARN_NON_LITERAL_NULL_CONVERSION = YES;
				CLANG_WARN_OBJC_IMPLICIT_RETAIN_SELF = YES;
				CLANG_WARN_OBJC_LITERAL_CONVERSION = YES;
				CLANG_WARN_OBJC_ROOT_CLASS = YES_ERROR;
				CLANG_WARN_QUOTED_INCLUDE_IN_FRAMEWORK_HEADER = YES;
				CLANG_WARN_RANGE_LOOP_ANALYSIS = YES;
				CLANG_WARN_STRICT_PROTOTYPES = YES;
				CLANG_WARN_SUSPICIOUS_MOVE = YES;
				CLANG_WARN_UNGUARDED_AVAILABILITY = YES_AGGRESSIVE;
				CLANG_WARN_UNREACHABLE_CODE = YES;
				CLANG_WARN__DUPLICATE_METHOD_MATCH = YES;
				COPY_PHASE_STRIP = NO;
				DEBUG_INFORMATION_FORMAT = "dwarf-with-dsym";
				ENABLE_NS_ASSERTIONS = NO;
				ENABLE_STRICT_OBJC_MSGSEND = YES;
				ENABLE_USER_SCRIPT_SANDBOXING = YES;
				GCC_C_LANGUAGE_STANDARD = gnu17;
				GCC_NO_COMMON_BLOCKS = YES;
				GCC_WARN_64_TO_32_BIT_CONVERSION = YES;
				GCC_WARN_ABOUT_RETURN_TYPE = YES_ERROR;
				GCC_WARN_UNDECLARED_SELECTOR = YES;
				GCC_WARN_UNINITIALIZED_AUTOS = YES_AGGRESSIVE;
				GCC_WARN_UNUSED_FUNCTION = YES;
				GCC_WARN_UNUSED_VARIABLE = YES;
				IPHONEOS_DEPLOYMENT_TARGET = 17.5;
				LOCALIZATION_PREFERS_STRING_CATALOGS = YES;
				MTL_ENABLE_DEBUG_INFO = NO;
				MTL_FAST_MATH = YES;
				SDKROOT = iphoneos;
				SWIFT_COMPILATION_MODE = wholemodule;
				VALIDATE_PRODUCT = YES;
			};
			name = Release;
		};
		799323AA2CA35BA7005DF4BE /* Debug */ = {
			isa = XCBuildConfiguration;
			buildSettings = {
				ASSETCATALOG_COMPILER_APPICON_NAME = AppIcon;
				ASSETCATALOG_COMPILER_GLOBAL_ACCENT_COLOR_NAME = AccentColor;
				CODE_SIGN_ENTITLEMENTS = "todo-list/todo-list.entitlements";
				CODE_SIGN_STYLE = Automatic;
				CURRENT_PROJECT_VERSION = 1;
				DEVELOPMENT_ASSET_PATHS = "\"todo-list/Preview Content\"";
				DEVELOPMENT_TEAM = W795AQWUXY;
				ENABLE_PREVIEWS = YES;
				GENERATE_INFOPLIST_FILE = YES;
				INFOPLIST_KEY_UIApplicationSceneManifest_Generation = YES;
				INFOPLIST_KEY_UIApplicationSupportsIndirectInputEvents = YES;
				INFOPLIST_KEY_UILaunchScreen_Generation = YES;
				INFOPLIST_KEY_UISupportedInterfaceOrientations_iPad = "UIInterfaceOrientationPortrait UIInterfaceOrientationPortraitUpsideDown UIInterfaceOrientationLandscapeLeft UIInterfaceOrientationLandscapeRight";
				INFOPLIST_KEY_UISupportedInterfaceOrientations_iPhone = "UIInterfaceOrientationPortrait UIInterfaceOrientationLandscapeLeft UIInterfaceOrientationLandscapeRight";
				IPHONEOS_DEPLOYMENT_TARGET = 17.6;
				LD_RUNPATH_SEARCH_PATHS = (
					"$(inherited)",
					"@executable_path/Frameworks",
				);
				MARKETING_VERSION = 1.0;
				PRODUCT_BUNDLE_IDENTIFIER = "luizmello.todo-list";
				PRODUCT_NAME = "$(TARGET_NAME)";
				SWIFT_EMIT_LOC_STRINGS = YES;
				SWIFT_VERSION = 5.0;
				TARGETED_DEVICE_FAMILY = "1,2";
			};
			name = Debug;
		};
		799323AB2CA35BA7005DF4BE /* Release */ = {
			isa = XCBuildConfiguration;
			buildSettings = {
				ASSETCATALOG_COMPILER_APPICON_NAME = AppIcon;
				ASSETCATALOG_COMPILER_GLOBAL_ACCENT_COLOR_NAME = AccentColor;
				CODE_SIGN_ENTITLEMENTS = "todo-list/todo-list.entitlements";
				CODE_SIGN_STYLE = Automatic;
				CURRENT_PROJECT_VERSION = 1;
				DEVELOPMENT_ASSET_PATHS = "\"todo-list/Preview Content\"";
				DEVELOPMENT_TEAM = W795AQWUXY;
				ENABLE_PREVIEWS = YES;
				GENERATE_INFOPLIST_FILE = YES;
				INFOPLIST_KEY_UIApplicationSceneManifest_Generation = YES;
				INFOPLIST_KEY_UIApplicationSupportsIndirectInputEvents = YES;
				INFOPLIST_KEY_UILaunchScreen_Generation = YES;
				INFOPLIST_KEY_UISupportedInterfaceOrientations_iPad = "UIInterfaceOrientationPortrait UIInterfaceOrientationPortraitUpsideDown UIInterfaceOrientationLandscapeLeft UIInterfaceOrientationLandscapeRight";
				INFOPLIST_KEY_UISupportedInterfaceOrientations_iPhone = "UIInterfaceOrientationPortrait UIInterfaceOrientationLandscapeLeft UIInterfaceOrientationLandscapeRight";
				IPHONEOS_DEPLOYMENT_TARGET = 17.6;
				LD_RUNPATH_SEARCH_PATHS = (
					"$(inherited)",
					"@executable_path/Frameworks",
				);
				MARKETING_VERSION = 1.0;
				PRODUCT_BUNDLE_IDENTIFIER = "luizmello.todo-list";
				PRODUCT_NAME = "$(TARGET_NAME)";
				SWIFT_EMIT_LOC_STRINGS = YES;
				SWIFT_VERSION = 5.0;
				TARGETED_DEVICE_FAMILY = "1,2";
			};
			name = Release;
		};
		799323AD2CA35BA7005DF4BE /* Debug */ = {
			isa = XCBuildConfiguration;
			buildSettings = {
				BUNDLE_LOADER = "$(TEST_HOST)";
				CODE_SIGN_STYLE = Automatic;
				CURRENT_PROJECT_VERSION = 1;
				DEVELOPMENT_TEAM = W795AQWUXY;
				GENERATE_INFOPLIST_FILE = YES;
				IPHONEOS_DEPLOYMENT_TARGET = 17.5;
				MARKETING_VERSION = 1.0;
				PRODUCT_BUNDLE_IDENTIFIER = "luizmello.todo-listTests";
				PRODUCT_NAME = "$(TARGET_NAME)";
				SWIFT_EMIT_LOC_STRINGS = NO;
				SWIFT_VERSION = 5.0;
				TARGETED_DEVICE_FAMILY = "1,2";
				TEST_HOST = "$(BUILT_PRODUCTS_DIR)/todo-list.app/$(BUNDLE_EXECUTABLE_FOLDER_PATH)/todo-list";
			};
			name = Debug;
		};
		799323AE2CA35BA7005DF4BE /* Release */ = {
			isa = XCBuildConfiguration;
			buildSettings = {
				BUNDLE_LOADER = "$(TEST_HOST)";
				CODE_SIGN_STYLE = Automatic;
				CURRENT_PROJECT_VERSION = 1;
				DEVELOPMENT_TEAM = W795AQWUXY;
				GENERATE_INFOPLIST_FILE = YES;
				IPHONEOS_DEPLOYMENT_TARGET = 17.5;
				MARKETING_VERSION = 1.0;
				PRODUCT_BUNDLE_IDENTIFIER = "luizmello.todo-listTests";
				PRODUCT_NAME = "$(TARGET_NAME)";
				SWIFT_EMIT_LOC_STRINGS = NO;
				SWIFT_VERSION = 5.0;
				TARGETED_DEVICE_FAMILY = "1,2";
				TEST_HOST = "$(BUILT_PRODUCTS_DIR)/todo-list.app/$(BUNDLE_EXECUTABLE_FOLDER_PATH)/todo-list";
			};
			name = Release;
		};
		799323B02CA35BA7005DF4BE /* Debug */ = {
			isa = XCBuildConfiguration;
			buildSettings = {
				CODE_SIGN_STYLE = Automatic;
				CURRENT_PROJECT_VERSION = 1;
				DEVELOPMENT_TEAM = W795AQWUXY;
				GENERATE_INFOPLIST_FILE = YES;
				MARKETING_VERSION = 1.0;
				PRODUCT_BUNDLE_IDENTIFIER = "luizmello.todo-listUITests";
				PRODUCT_NAME = "$(TARGET_NAME)";
				SWIFT_EMIT_LOC_STRINGS = NO;
				SWIFT_VERSION = 5.0;
				TARGETED_DEVICE_FAMILY = "1,2";
				TEST_TARGET_NAME = "todo-list";
			};
			name = Debug;
		};
		799323B12CA35BA7005DF4BE /* Release */ = {
			isa = XCBuildConfiguration;
			buildSettings = {
				CODE_SIGN_STYLE = Automatic;
				CURRENT_PROJECT_VERSION = 1;
				DEVELOPMENT_TEAM = W795AQWUXY;
				GENERATE_INFOPLIST_FILE = YES;
				MARKETING_VERSION = 1.0;
				PRODUCT_BUNDLE_IDENTIFIER = "luizmello.todo-listUITests";
				PRODUCT_NAME = "$(TARGET_NAME)";
				SWIFT_EMIT_LOC_STRINGS = NO;
				SWIFT_VERSION = 5.0;
				TARGETED_DEVICE_FAMILY = "1,2";
				TEST_TARGET_NAME = "todo-list";
			};
			name = Release;
		};
/* End XCBuildConfiguration section */

/* Begin XCConfigurationList section */
		791D4A982D1A5450003CCC2B /* Build configuration list for PBXNativeTarget "TodoWidgetExtension" */ = {
			isa = XCConfigurationList;
			buildConfigurations = (
				791D4A992D1A5450003CCC2B /* Debug */,
				791D4A9A2D1A5450003CCC2B /* Release */,
			);
			defaultConfigurationIsVisible = 0;
			defaultConfigurationName = Release;
		};
		799323802CA35BA5005DF4BE /* Build configuration list for PBXProject "todo-list" */ = {
			isa = XCConfigurationList;
			buildConfigurations = (
				799323A72CA35BA7005DF4BE /* Debug */,
				799323A82CA35BA7005DF4BE /* Release */,
			);
			defaultConfigurationIsVisible = 0;
			defaultConfigurationName = Release;
		};
		799323A92CA35BA7005DF4BE /* Build configuration list for PBXNativeTarget "todo-list" */ = {
			isa = XCConfigurationList;
			buildConfigurations = (
				799323AA2CA35BA7005DF4BE /* Debug */,
				799323AB2CA35BA7005DF4BE /* Release */,
			);
			defaultConfigurationIsVisible = 0;
			defaultConfigurationName = Release;
		};
		799323AC2CA35BA7005DF4BE /* Build configuration list for PBXNativeTarget "todo-listTests" */ = {
			isa = XCConfigurationList;
			buildConfigurations = (
				799323AD2CA35BA7005DF4BE /* Debug */,
				799323AE2CA35BA7005DF4BE /* Release */,
			);
			defaultConfigurationIsVisible = 0;
			defaultConfigurationName = Release;
		};
		799323AF2CA35BA7005DF4BE /* Build configuration list for PBXNativeTarget "todo-listUITests" */ = {
			isa = XCConfigurationList;
			buildConfigurations = (
				799323B02CA35BA7005DF4BE /* Debug */,
				799323B12CA35BA7005DF4BE /* Release */,
			);
			defaultConfigurationIsVisible = 0;
			defaultConfigurationName = Release;
		};
/* End XCConfigurationList section */
	};
	rootObject = 7993237D2CA35BA5005DF4BE /* Project object */;
}
